PODS:
  - FBSnapshotTestCase (2.1.4):
    - FBSnapshotTestCase/SwiftSupport (= 2.1.4)
  - FBSnapshotTestCase/Core (2.1.4)
  - FBSnapshotTestCase/SwiftSupport (2.1.4):
    - FBSnapshotTestCase/Core
  - MiCard (1.0.7):
    - RxCocoa
    - RxSwift
  - RxCocoa (6.2.0):
    - RxRelay (= 6.2.0)
    - RxSwift (= 6.2.0)
  - RxRelay (6.2.0):
    - RxSwift (= 6.2.0)
  - RxSwift (6.2.0)

DEPENDENCIES:
  - FBSnapshotTestCase (~> 2.1.4)
  - MiCard (from `../`)

SPEC REPOS:
  trunk:
    - FBSnapshotTestCase
    - RxCocoa
    - RxRelay
    - RxSwift

EXTERNAL SOURCES:
  MiCard:
    :path: "../"

SPEC CHECKSUMS:
  FBSnapshotTestCase: 094f9f314decbabe373b87cc339bea235a63e07a
  MiCard: 51a9a3cdc45c0e3345466792f097004133ba6ab1
  RxCocoa: 4baf94bb35f2c0ab31bc0cb9f1900155f646ba42
  RxRelay: e72dbfd157807478401ef1982e1c61c945c94b2f
  RxSwift: d356ab7bee873611322f134c5f9ef379fa183d8f

PODFILE CHECKSUM: f6c53d692c4e790444f5cc1ea6dfd5b49dc9198f

COCOAPODS: 1.11.2
